
Microsoft Visual Studio Solution File, Format Version 12.00
Project("{FAE04EC0-301F-11D3-BF4B-00C04F79EFBC}") = "Receiver", "Receiver.csproj", "{4AC0DA78-36F8-4DD0-BB9C-22CAD2474E02}"
EndProject
Global
	GlobalSection(SolutionConfigurationPlatforms) = preSolution
		Debug|Any CPU = Debug|Any CPU
		Release|Any CPU = Release|Any CPU
	EndGlobalSection
	GlobalSection(ProjectConfigurationPlatforms) = postSolution
		{4AC0DA78-36F8-4DD0-BB9C-22CAD2474E02}.Debug|Any CPU.ActiveCfg = Debug|Any CPU
		{4AC0DA78-36F8-4DD0-BB9C-22CAD2474E02}.Debug|Any CPU.Build.0 = Debug|Any CPU
		{4AC0DA78-36F8-4DD0-BB9C-22CAD2474E02}.Release|Any CPU.ActiveCfg = Release|Any CPU
		{4AC0DA78-36F8-4DD0-BB9C-22CAD2474E02}.Release|Any CPU.Build.0 = Release|Any CPU
	EndGlobalSection
EndGlobal
